
Microsoft Visual Studio Solution File, Format Version 12.00
# Visual Studio Version 17
VisualStudioVersion = 17.11.35219.272
MinimumVisualStudioVersion = 10.0.40219.1
Project("{FAE04EC0-301F-11D3-BF4B-00C04F79EFBC}") = "Garage3", "Garage3\Garage3.csproj", "{B2667EF7-AFD5-4B10-9CD4-7B9666AF2CD8}"
EndProject
Global
	GlobalSection(SolutionConfigurationPlatforms) = preSolution
		Debug|Any CPU = Debug|Any CPU
		Release|Any CPU = Release|Any CPU
	EndGlobalSection
	GlobalSection(ProjectConfigurationPlatforms) = postSolution
		{B2667EF7-AFD5-4B10-9CD4-7B9666AF2CD8}.Debug|Any CPU.ActiveCfg = Debug|Any CPU
		{B2667EF7-AFD5-4B10-9CD4-7B9666AF2CD8}.Debug|Any CPU.Build.0 = Debug|Any CPU
		{B2667EF7-AFD5-4B10-9CD4-7B9666AF2CD8}.Release|Any CPU.ActiveCfg = Release|Any CPU
		{B2667EF7-AFD5-4B10-9CD4-7B9666AF2CD8}.Release|Any CPU.Build.0 = Release|Any CPU
	EndGlobalSection
	GlobalSection(SolutionProperties) = preSolution
		HideSolutionNode = FALSE
	EndGlobalSection
	GlobalSection(ExtensibilityGlobals) = postSolution
		SolutionGuid = {38823871-7056-411E-B65C-8BB017DCEFD8}
	EndGlobalSection
EndGlobal
